{
  "nodes": {
    "nixpkgs": {
      "locked": {
        "lastModified": 1740833668,
        "narHash": "sha256-Q2EHoT4dFTG1EzSFEqg3MdDK8+WQhljZE8fiQePHmHs=",
        "owner": "nixos",
        "repo": "nixpkgs",
        "rev": "3819cf0226e22c115bd13bb6433d663545e4ad1c",
        "type": "github"
      },
      "original": {
        "owner": "nixos",
        "repo": "nixpkgs",
        "type": "github"
      }
    },
    "root": {
      "inputs": {
        "nixpkgs": "nixpkgs"
      }
    }
  },
  "root": "root",
  "version": 7
}
